
Microsoft Visual Studio Solution File, Format Version 12.00
# Visual Studio 15
VisualStudioVersion = 15.0.28010.2003
MinimumVisualStudioVersion = 10.0.40219.1
Project("{9A19103F-16F7-4668-BE54-9A1E7A4F7556}") = "RoomBooking.UI.AngularCli", "RoomBooking.UI.AngularCli\RoomBooking.UI.AngularCli.csproj", "{EDEB4718-7CD8-4B13-BF6A-E398068FF5FF}"
EndProject
Global
	GlobalSection(SolutionConfigurationPlatforms) = preSolution
		Debug|Any CPU = Debug|Any CPU
		Release|Any CPU = Release|Any CPU
	EndGlobalSection
	GlobalSection(ProjectConfigurationPlatforms) = postSolution
		{EDEB4718-7CD8-4B13-BF6A-E398068FF5FF}.Debug|Any CPU.ActiveCfg = Debug|Any CPU
		{EDEB4718-7CD8-4B13-BF6A-E398068FF5FF}.Debug|Any CPU.Build.0 = Debug|Any CPU
		{EDEB4718-7CD8-4B13-BF6A-E398068FF5FF}.Release|Any CPU.ActiveCfg = Release|Any CPU
		{EDEB4718-7CD8-4B13-BF6A-E398068FF5FF}.Release|Any CPU.Build.0 = Release|Any CPU
	EndGlobalSection
	GlobalSection(SolutionProperties) = preSolution
		HideSolutionNode = FALSE
	EndGlobalSection
	GlobalSection(ExtensibilityGlobals) = postSolution
		SolutionGuid = {9E2AA0A6-996B-4664-ADEE-D27E8C95FEA3}
	EndGlobalSection
EndGlobal
